
Microsoft Visual Studio Solution File, Format Version 12.00
# Visual Studio Version 17
VisualStudioVersion = 17.4.33213.308
MinimumVisualStudioVersion = 10.0.40219.1
Project("{FAE04EC0-301F-11D3-BF4B-00C04F79EFBC}") = "Desktop App", "Desktop App\Desktop App.csproj", "{6576A735-9944-4562-9831-A262FD1EF7E8}"
EndProject
Global
	GlobalSection(SolutionConfigurationPlatforms) = preSolution
		Debug|Any CPU = Debug|Any CPU
		Release|Any CPU = Release|Any CPU
	EndGlobalSection
	GlobalSection(ProjectConfigurationPlatforms) = postSolution
		{6576A735-9944-4562-9831-A262FD1EF7E8}.Debug|Any CPU.ActiveCfg = Debug|Any CPU
		{6576A735-9944-4562-9831-A262FD1EF7E8}.Debug|Any CPU.Build.0 = Debug|Any CPU
		{6576A735-9944-4562-9831-A262FD1EF7E8}.Release|Any CPU.ActiveCfg = Release|Any CPU
		{6576A735-9944-4562-9831-A262FD1EF7E8}.Release|Any CPU.Build.0 = Release|Any CPU
	EndGlobalSection
	GlobalSection(SolutionProperties) = preSolution
		HideSolutionNode = FALSE
	EndGlobalSection
	GlobalSection(ExtensibilityGlobals) = postSolution
		SolutionGuid = {03FE328B-09C0-4BC7-A9AD-3F1EECFBE351}
	EndGlobalSection
EndGlobal
